
Microsoft Visual Studio Solution File, Format Version 12.00
# Visual Studio 15
VisualStudioVersion = 15.0.27130.2036
MinimumVisualStudioVersion = 10.0.40219.1
Project("{9A19103F-16F7-4668-BE54-9A1E7A4F7556}") = "SocketComment", "SocketComment\SocketComment.csproj", "{8EA5EBAF-2596-4312-90B0-1AE0FF768992}"
EndProject
Global
	GlobalSection(SolutionConfigurationPlatforms) = preSolution
		Debug|Any CPU = Debug|Any CPU
		Release|Any CPU = Release|Any CPU
	EndGlobalSection
	GlobalSection(ProjectConfigurationPlatforms) = postSolution
		{8EA5EBAF-2596-4312-90B0-1AE0FF768992}.Debug|Any CPU.ActiveCfg = Debug|Any CPU
		{8EA5EBAF-2596-4312-90B0-1AE0FF768992}.Debug|Any CPU.Build.0 = Debug|Any CPU
		{8EA5EBAF-2596-4312-90B0-1AE0FF768992}.Release|Any CPU.ActiveCfg = Release|Any CPU
		{8EA5EBAF-2596-4312-90B0-1AE0FF768992}.Release|Any CPU.Build.0 = Release|Any CPU
	EndGlobalSection
	GlobalSection(SolutionProperties) = preSolution
		HideSolutionNode = FALSE
	EndGlobalSection
	GlobalSection(ExtensibilityGlobals) = postSolution
		SolutionGuid = {4D350E26-6EB4-4F09-807F-3A572997A42A}
	EndGlobalSection
EndGlobal
